// !$*UTF8*$!
{
	archiveVersion = 1;
	classes = {
	};
	objectVersion = 55;
	objects = {

/* Begin PBXBuildFile section */
		1E1155B82804139400231313 /* AppDelegate.swift in Sources */ = {isa = PBXBuildFile; fileRef = 1E1155B72804139400231313 /* AppDelegate.swift */; };
		1E1155BA2804139400231313 /* SceneDelegate.swift in Sources */ = {isa = PBXBuildFile; fileRef = 1E1155B92804139400231313 /* SceneDelegate.swift */; };
		1E1155BC2804139400231313 /* ViewController.swift in Sources */ = {isa = PBXBuildFile; fileRef = 1E1155BB2804139400231313 /* ViewController.swift */; };
		1E1155BF2804139400231313 /* Main.storyboard in Resources */ = {isa = PBXBuildFile; fileRef = 1E1155BD2804139400231313 /* Main.storyboard */; };
		1E1155C12804139700231313 /* Assets.xcassets in Resources */ = {isa = PBXBuildFile; fileRef = 1E1155C02804139700231313 /* Assets.xcassets */; };
		1E1155C42804139700231313 /* LaunchScreen.storyboard in Resources */ = {isa = PBXBuildFile; fileRef = 1E1155C22804139700231313 /* LaunchScreen.storyboard */; };
		1E1155CF2804139700231313 /* Catalyst_iOS_Starter_CleanArchitectureTests.swift in Sources */ = {isa = PBXBuildFile; fileRef = 1E1155CE2804139700231313 /* Catalyst_iOS_Starter_CleanArchitectureTests.swift */; };
		1E1155D92804139700231313 /* Catalyst_iOS_Starter_CleanArchitectureUITests.swift in Sources */ = {isa = PBXBuildFile; fileRef = 1E1155D82804139700231313 /* Catalyst_iOS_Starter_CleanArchitectureUITests.swift */; };
		1E1155DB2804139700231313 /* Catalyst_iOS_Starter_CleanArchitectureUITestsLaunchTests.swift in Sources */ = {isa = PBXBuildFile; fileRef = 1E1155DA2804139700231313 /* Catalyst_iOS_Starter_CleanArchitectureUITestsLaunchTests.swift */; };
		1E1155DF2804139700231313 /* Catalyst-iOS-Starter-CleanArchitecture WatchKit App.app in Embed Watch Content */ = {isa = PBXBuildFile; fileRef = 1E1155DE2804139700231313 /* Catalyst-iOS-Starter-CleanArchitecture WatchKit App.app */; settings = {ATTRIBUTES = (RemoveHeadersOnCopy, ); }; };
		1E1155E52804139700231313 /* Interface.storyboard in Resources */ = {isa = PBXBuildFile; fileRef = 1E1155E32804139700231313 /* Interface.storyboard */; };
		1E1155E72804139800231313 /* Assets.xcassets in Resources */ = {isa = PBXBuildFile; fileRef = 1E1155E62804139800231313 /* Assets.xcassets */; };
		1E1155ED2804139900231313 /* Catalyst-iOS-Starter-CleanArchitecture WatchKit Extension.appex in Embed App Extensions */ = {isa = PBXBuildFile; fileRef = 1E1155EC2804139900231313 /* Catalyst-iOS-Starter-CleanArchitecture WatchKit Extension.appex */; settings = {ATTRIBUTES = (RemoveHeadersOnCopy, ); }; };
		1E1155F22804139900231313 /* InterfaceController.swift in Sources */ = {isa = PBXBuildFile; fileRef = 1E1155F12804139900231313 /* InterfaceController.swift */; };
		1E1155F42804139900231313 /* ExtensionDelegate.swift in Sources */ = {isa = PBXBuildFile; fileRef = 1E1155F32804139900231313 /* ExtensionDelegate.swift */; };
		1E1155F62804139900231313 /* NotificationController.swift in Sources */ = {isa = PBXBuildFile; fileRef = 1E1155F52804139900231313 /* NotificationController.swift */; };
		1E1155F82804139900231313 /* ComplicationController.swift in Sources */ = {isa = PBXBuildFile; fileRef = 1E1155F72804139900231313 /* ComplicationController.swift */; };
		1E1155FA2804139A00231313 /* Assets.xcassets in Resources */ = {isa = PBXBuildFile; fileRef = 1E1155F92804139A00231313 /* Assets.xcassets */; };
		1E6334372808217B00AF8D0C /* CustomViews in Frameworks */ = {isa = PBXBuildFile; productRef = 1E6334362808217B00AF8D0C /* CustomViews */; };
		1E8939032806D9DF00F7C790 /* UseCase in Frameworks */ = {isa = PBXBuildFile; productRef = 1E8939022806D9DF00F7C790 /* UseCase */; };
		1ED9C8D12806D4C800F6E52C /* Catalyst_iOS_Starter_CleanArchitecture_SwiftUIApp.swift in Sources */ = {isa = PBXBuildFile; fileRef = 1ED9C8D02806D4C800F6E52C /* Catalyst_iOS_Starter_CleanArchitecture_SwiftUIApp.swift */; };
		1ED9C8D32806D4C800F6E52C /* MainboardView.swift in Sources */ = {isa = PBXBuildFile; fileRef = 1ED9C8D22806D4C800F6E52C /* MainboardView.swift */; };
		1ED9C8D52806D4CA00F6E52C /* Assets.xcassets in Resources */ = {isa = PBXBuildFile; fileRef = 1ED9C8D42806D4CA00F6E52C /* Assets.xcassets */; };
		1ED9C8D82806D4CA00F6E52C /* Preview Assets.xcassets in Resources */ = {isa = PBXBuildFile; fileRef = 1ED9C8D72806D4CA00F6E52C /* Preview Assets.xcassets */; };
		1ED9C8DE2806D52100F6E52C /* MainboardViewModel.swift in Sources */ = {isa = PBXBuildFile; fileRef = 1ED9C8DD2806D52100F6E52C /* MainboardViewModel.swift */; };
/* End PBXBuildFile section */

/* Begin PBXContainerItemProxy section */
		1E1155CB2804139700231313 /* PBXContainerItemProxy */ = {
			isa = PBXContainerItemProxy;
			containerPortal = 1E1155AC2804139300231313 /* Project object */;
			proxyType = 1;
			remoteGlobalIDString = 1E1155B32804139400231313;
			remoteInfo = "Catalyst-iOS-Starter-CleanArchitecture";
		};
		1E1155D52804139700231313 /* PBXContainerItemProxy */ = {
			isa = PBXContainerItemProxy;
			containerPortal = 1E1155AC2804139300231313 /* Project object */;
			proxyType = 1;
			remoteGlobalIDString = 1E1155B32804139400231313;
			remoteInfo = "Catalyst-iOS-Starter-CleanArchitecture";
		};
		1E1155E02804139700231313 /* PBXContainerItemProxy */ = {
			isa = PBXContainerItemProxy;
			containerPortal = 1E1155AC2804139300231313 /* Project object */;
			proxyType = 1;
			remoteGlobalIDString = 1E1155DD2804139700231313;
			remoteInfo = "Catalyst-iOS-Starter-CleanArchitecture WatchKit App";
		};
		1E1155EE2804139900231313 /* PBXContainerItemProxy */ = {
			isa = PBXContainerItemProxy;
			containerPortal = 1E1155AC2804139300231313 /* Project object */;
			proxyType = 1;
			remoteGlobalIDString = 1E1155EB2804139900231313;
			remoteInfo = "Catalyst-iOS-Starter-CleanArchitecture WatchKit Extension";
		};
/* End PBXContainerItemProxy section */

/* Begin PBXCopyFilesBuildPhase section */
		1E1156182804139A00231313 /* Embed App Extensions */ = {
			isa = PBXCopyFilesBuildPhase;
			buildActionMask = 2147483647;
			dstPath = "";
			dstSubfolderSpec = 13;
			files = (
				1E1155ED2804139900231313 /* Catalyst-iOS-Starter-CleanArchitecture WatchKit Extension.appex in Embed App Extensions */,
			);
			name = "Embed App Extensions";
			runOnlyForDeploymentPostprocessing = 0;
		};
		1E11561C2804139A00231313 /* Embed Watch Content */ = {
			isa = PBXCopyFilesBuildPhase;
			buildActionMask = 2147483647;
			dstPath = "$(CONTENTS_FOLDER_PATH)/Watch";
			dstSubfolderSpec = 16;
			files = (
				1E1155DF2804139700231313 /* Catalyst-iOS-Starter-CleanArchitecture WatchKit App.app in Embed Watch Content */,
			);
			name = "Embed Watch Content";
			runOnlyForDeploymentPostprocessing = 0;
		};
/* End PBXCopyFilesBuildPhase section */

/* Begin PBXFileReference section */
		1E1155B42804139400231313 /* Catalyst-iOS-Starter-CleanArchitecture.app */ = {isa = PBXFileReference; explicitFileType = wrapper.application; includeInIndex = 0; path = "Catalyst-iOS-Starter-CleanArchitecture.app"; sourceTree = BUILT_PRODUCTS_DIR; };
		1E1155B72804139400231313 /* AppDelegate.swift */ = {isa = PBXFileReference; lastKnownFileType = sourcecode.swift; path = AppDelegate.swift; sourceTree = "<group>"; };
		1E1155B92804139400231313 /* SceneDelegate.swift */ = {isa = PBXFileReference; lastKnownFileType = sourcecode.swift; path = SceneDelegate.swift; sourceTree = "<group>"; };
		1E1155BB2804139400231313 /* ViewController.swift */ = {isa = PBXFileReference; lastKnownFileType = sourcecode.swift; path = ViewController.swift; sourceTree = "<group>"; };
		1E1155BE2804139400231313 /* Base */ = {isa = PBXFileReference; lastKnownFileType = file.storyboard; name = Base; path = Base.lproj/Main.storyboard; sourceTree = "<group>"; };
		1E1155C02804139700231313 /* Assets.xcassets */ = {isa = PBXFileReference; lastKnownFileType = folder.assetcatalog; path = Assets.xcassets; sourceTree = "<group>"; };
		1E1155C32804139700231313 /* Base */ = {isa = PBXFileReference; lastKnownFileType = file.storyboard; name = Base; path = Base.lproj/LaunchScreen.storyboard; sourceTree = "<group>"; };
		1E1155C52804139700231313 /* Info.plist */ = {isa = PBXFileReference; lastKnownFileType = text.plist.xml; path = Info.plist; sourceTree = "<group>"; };
		1E1155CA2804139700231313 /* Catalyst-iOS-Starter-CleanArchitectureTests.xctest */ = {isa = PBXFileReference; explicitFileType = wrapper.cfbundle; includeInIndex = 0; path = "Catalyst-iOS-Starter-CleanArchitectureTests.xctest"; sourceTree = BUILT_PRODUCTS_DIR; };
		1E1155CE2804139700231313 /* Catalyst_iOS_Starter_CleanArchitectureTests.swift */ = {isa = PBXFileReference; lastKnownFileType = sourcecode.swift; path = Catalyst_iOS_Starter_CleanArchitectureTests.swift; sourceTree = "<group>"; };
		1E1155D42804139700231313 /* Catalyst-iOS-Starter-CleanArchitectureUITests.xctest */ = {isa = PBXFileReference; explicitFileType = wrapper.cfbundle; includeInIndex = 0; path = "Catalyst-iOS-Starter-CleanArchitectureUITests.xctest"; sourceTree = BUILT_PRODUCTS_DIR; };
		1E1155D82804139700231313 /* Catalyst_iOS_Starter_CleanArchitectureUITests.swift */ = {isa = PBXFileReference; lastKnownFileType = sourcecode.swift; path = Catalyst_iOS_Starter_CleanArchitectureUITests.swift; sourceTree = "<group>"; };
		1E1155DA2804139700231313 /* Catalyst_iOS_Starter_CleanArchitectureUITestsLaunchTests.swift */ = {isa = PBXFileReference; lastKnownFileType = sourcecode.swift; path = Catalyst_iOS_Starter_CleanArchitectureUITestsLaunchTests.swift; sourceTree = "<group>"; };
		1E1155DE2804139700231313 /* Catalyst-iOS-Starter-CleanArchitecture WatchKit App.app */ = {isa = PBXFileReference; explicitFileType = wrapper.application; includeInIndex = 0; path = "Catalyst-iOS-Starter-CleanArchitecture WatchKit App.app"; sourceTree = BUILT_PRODUCTS_DIR; };
		1E1155E42804139700231313 /* Base */ = {isa = PBXFileReference; lastKnownFileType = file.storyboard; name = Base; path = Base.lproj/Interface.storyboard; sourceTree = "<group>"; };
		1E1155E62804139800231313 /* Assets.xcassets */ = {isa = PBXFileReference; lastKnownFileType = folder.assetcatalog; path = Assets.xcassets; sourceTree = "<group>"; };
		1E1155EC2804139900231313 /* Catalyst-iOS-Starter-CleanArchitecture WatchKit Extension.appex */ = {isa = PBXFileReference; explicitFileType = "wrapper.app-extension"; includeInIndex = 0; path = "Catalyst-iOS-Starter-CleanArchitecture WatchKit Extension.appex"; sourceTree = BUILT_PRODUCTS_DIR; };
		1E1155F12804139900231313 /* InterfaceController.swift */ = {isa = PBXFileReference; lastKnownFileType = sourcecode.swift; path = InterfaceController.swift; sourceTree = "<group>"; };
		1E1155F32804139900231313 /* ExtensionDelegate.swift */ = {isa = PBXFileReference; lastKnownFileType = sourcecode.swift; path = ExtensionDelegate.swift; sourceTree = "<group>"; };
		1E1155F52804139900231313 /* NotificationController.swift */ = {isa = PBXFileReference; lastKnownFileType = sourcecode.swift; path = NotificationController.swift; sourceTree = "<group>"; };
		1E1155F72804139900231313 /* ComplicationController.swift */ = {isa = PBXFileReference; lastKnownFileType = sourcecode.swift; path = ComplicationController.swift; sourceTree = "<group>"; };
		1E1155F92804139A00231313 /* Assets.xcassets */ = {isa = PBXFileReference; lastKnownFileType = folder.assetcatalog; path = Assets.xcassets; sourceTree = "<group>"; };
		1E1155FB2804139A00231313 /* Info.plist */ = {isa = PBXFileReference; lastKnownFileType = text.plist.xml; path = Info.plist; sourceTree = "<group>"; };
		1E1155FC2804139A00231313 /* PushNotificationPayload.apns */ = {isa = PBXFileReference; lastKnownFileType = text; path = PushNotificationPayload.apns; sourceTree = "<group>"; };
		1E17CDE528081A1900C96B9E /* NetworkService */ = {isa = PBXFileReference; lastKnownFileType = wrapper; name = NetworkService; path = Packages/NetworkService; sourceTree = "<group>"; };
		1E17CDE628081A1900C96B9E /* Repository */ = {isa = PBXFileReference; lastKnownFileType = wrapper; name = Repository; path = Packages/Repository; sourceTree = "<group>"; };
		1E17CDE728081A1900C96B9E /* Common */ = {isa = PBXFileReference; lastKnownFileType = wrapper; name = Common; path = Packages/Common; sourceTree = "<group>"; };
		1E17CDE828081A1900C96B9E /* UseCase */ = {isa = PBXFileReference; lastKnownFileType = wrapper; name = UseCase; path = Packages/UseCase; sourceTree = "<group>"; };
		1E17CDE928081A1900C96B9E /* Storage */ = {isa = PBXFileReference; lastKnownFileType = wrapper; name = Storage; path = Packages/Storage; sourceTree = "<group>"; };
		1E17CDF528081F0500C96B9E /* CustomViews */ = {isa = PBXFileReference; lastKnownFileType = wrapper; name = CustomViews; path = Packages/CustomViews; sourceTree = "<group>"; };
		1EB480A9280E960D00FE885B /* Catalyst-iOS-Starter-CleanArchitecture-SwiftUI.entitlements */ = {isa = PBXFileReference; lastKnownFileType = text.plist.entitlements; path = "Catalyst-iOS-Starter-CleanArchitecture-SwiftUI.entitlements"; sourceTree = "<group>"; };
		1EB480AA280E9A6A00FE885B /* Catalyst-iOS-Starter-CleanArchitecture WatchKit App.entitlements */ = {isa = PBXFileReference; lastKnownFileType = text.plist.entitlements; path = "Catalyst-iOS-Starter-CleanArchitecture WatchKit App.entitlements"; sourceTree = "<group>"; };
		1EB480AB280E9A8400FE885B /* Catalyst-iOS-Starter-CleanArchitecture WatchKit Extension.entitlements */ = {isa = PBXFileReference; lastKnownFileType = text.plist.entitlements; path = "Catalyst-iOS-Starter-CleanArchitecture WatchKit Extension.entitlements"; sourceTree = "<group>"; };
		1ED9C8CE2806D4C800F6E52C /* Catalyst-iOS-Starter-CleanArchitecture-SwiftUI.app */ = {isa = PBXFileReference; explicitFileType = wrapper.application; includeInIndex = 0; path = "Catalyst-iOS-Starter-CleanArchitecture-SwiftUI.app"; sourceTree = BUILT_PRODUCTS_DIR; };
		1ED9C8D02806D4C800F6E52C /* Catalyst_iOS_Starter_CleanArchitecture_SwiftUIApp.swift */ = {isa = PBXFileReference; lastKnownFileType = sourcecode.swift; path = Catalyst_iOS_Starter_CleanArchitecture_SwiftUIApp.swift; sourceTree = "<group>"; };
		1ED9C8D22806D4C800F6E52C /* MainboardView.swift */ = {isa = PBXFileReference; lastKnownFileType = sourcecode.swift; path = MainboardView.swift; sourceTree = "<group>"; };
		1ED9C8D42806D4CA00F6E52C /* Assets.xcassets */ = {isa = PBXFileReference; lastKnownFileType = folder.assetcatalog; path = Assets.xcassets; sourceTree = "<group>"; };
		1ED9C8D72806D4CA00F6E52C /* Preview Assets.xcassets */ = {isa = PBXFileReference; lastKnownFileType = folder.assetcatalog; path = "Preview Assets.xcassets"; sourceTree = "<group>"; };
		1ED9C8DD2806D52100F6E52C /* MainboardViewModel.swift */ = {isa = PBXFileReference; lastKnownFileType = sourcecode.swift; path = MainboardViewModel.swift; sourceTree = "<group>"; };
/* End PBXFileReference section */

/* Begin PBXFrameworksBuildPhase section */
		1E1155B12804139400231313 /* Frameworks */ = {
			isa = PBXFrameworksBuildPhase;
			buildActionMask = 2147483647;
			files = (
			);
			runOnlyForDeploymentPostprocessing = 0;
		};
		1E1155C72804139700231313 /* Frameworks */ = {
			isa = PBXFrameworksBuildPhase;
			buildActionMask = 2147483647;
			files = (
			);
			runOnlyForDeploymentPostprocessing = 0;
		};
		1E1155D12804139700231313 /* Frameworks */ = {
			isa = PBXFrameworksBuildPhase;
			buildActionMask = 2147483647;
			files = (
			);
			runOnlyForDeploymentPostprocessing = 0;
		};
		1E1155E92804139900231313 /* Frameworks */ = {
			isa = PBXFrameworksBuildPhase;
			buildActionMask = 2147483647;
			files = (
			);
			runOnlyForDeploymentPostprocessing = 0;
		};
		1ED9C8CB2806D4C800F6E52C /* Frameworks */ = {
			isa = PBXFrameworksBuildPhase;
			buildActionMask = 2147483647;
			files = (
				1E6334372808217B00AF8D0C /* CustomViews in Frameworks */,
				1E8939032806D9DF00F7C790 /* UseCase in Frameworks */,
			);
			runOnlyForDeploymentPostprocessing = 0;
		};
/* End PBXFrameworksBuildPhase section */

/* Begin PBXGroup section */
		1E1155AB2804139300231313 = {
			isa = PBXGroup;
			children = (
				1E1155B62804139400231313 /* Catalyst-iOS-Starter-CleanArchitecture */,
				1ED9C8CF2806D4C800F6E52C /* Catalyst-iOS-Starter-CleanArchitecture-SwiftUI */,
				1E1155CD2804139700231313 /* Catalyst-iOS-Starter-CleanArchitectureTests */,
				1E1155D72804139700231313 /* Catalyst-iOS-Starter-CleanArchitectureUITests */,
				1E1155E22804139700231313 /* Catalyst-iOS-Starter-CleanArchitecture WatchKit App */,
				1E1155F02804139900231313 /* Catalyst-iOS-Starter-CleanArchitecture WatchKit Extension */,
				1E1155B52804139400231313 /* Products */,
				1E17CDF528081F0500C96B9E /* CustomViews */,
				1E17CDE728081A1900C96B9E /* Common */,
				1E17CDE528081A1900C96B9E /* NetworkService */,
				1E17CDE628081A1900C96B9E /* Repository */,
				1E17CDE928081A1900C96B9E /* Storage */,
				1E17CDE828081A1900C96B9E /* UseCase */,
				1E6334352808217B00AF8D0C /* Frameworks */,
			);
			sourceTree = "<group>";
		};
		1E1155B52804139400231313 /* Products */ = {
			isa = PBXGroup;
			children = (
				1E1155B42804139400231313 /* Catalyst-iOS-Starter-CleanArchitecture.app */,
				1E1155CA2804139700231313 /* Catalyst-iOS-Starter-CleanArchitectureTests.xctest */,
				1E1155D42804139700231313 /* Catalyst-iOS-Starter-CleanArchitectureUITests.xctest */,
				1E1155DE2804139700231313 /* Catalyst-iOS-Starter-CleanArchitecture WatchKit App.app */,
				1E1155EC2804139900231313 /* Catalyst-iOS-Starter-CleanArchitecture WatchKit Extension.appex */,
				1ED9C8CE2806D4C800F6E52C /* Catalyst-iOS-Starter-CleanArchitecture-SwiftUI.app */,
			);
			name = Products;
			sourceTree = "<group>";
		};
		1E1155B62804139400231313 /* Catalyst-iOS-Starter-CleanArchitecture */ = {
			isa = PBXGroup;
			children = (
				1E1155B72804139400231313 /* AppDelegate.swift */,
				1E1155B92804139400231313 /* SceneDelegate.swift */,
				1E1155BB2804139400231313 /* ViewController.swift */,
				1E1155BD2804139400231313 /* Main.storyboard */,
				1E1155C02804139700231313 /* Assets.xcassets */,
				1E1155C22804139700231313 /* LaunchScreen.storyboard */,
				1E1155C52804139700231313 /* Info.plist */,
			);
			path = "Catalyst-iOS-Starter-CleanArchitecture";
			sourceTree = "<group>";
		};
		1E1155CD2804139700231313 /* Catalyst-iOS-Starter-CleanArchitectureTests */ = {
			isa = PBXGroup;
			children = (
				1E1155CE2804139700231313 /* Catalyst_iOS_Starter_CleanArchitectureTests.swift */,
			);
			path = "Catalyst-iOS-Starter-CleanArchitectureTests";
			sourceTree = "<group>";
		};
		1E1155D72804139700231313 /* Catalyst-iOS-Starter-CleanArchitectureUITests */ = {
			isa = PBXGroup;
			children = (
				1E1155D82804139700231313 /* Catalyst_iOS_Starter_CleanArchitectureUITests.swift */,
				1E1155DA2804139700231313 /* Catalyst_iOS_Starter_CleanArchitectureUITestsLaunchTests.swift */,
			);
			path = "Catalyst-iOS-Starter-CleanArchitectureUITests";
			sourceTree = "<group>";
		};
		1E1155E22804139700231313 /* Catalyst-iOS-Starter-CleanArchitecture WatchKit App */ = {
			isa = PBXGroup;
			children = (
				1EB480AA280E9A6A00FE885B /* Catalyst-iOS-Starter-CleanArchitecture WatchKit App.entitlements */,
				1E1155E32804139700231313 /* Interface.storyboard */,
				1E1155E62804139800231313 /* Assets.xcassets */,
			);
			path = "Catalyst-iOS-Starter-CleanArchitecture WatchKit App";
			sourceTree = "<group>";
		};
		1E1155F02804139900231313 /* Catalyst-iOS-Starter-CleanArchitecture WatchKit Extension */ = {
			isa = PBXGroup;
			children = (
				1EB480AB280E9A8400FE885B /* Catalyst-iOS-Starter-CleanArchitecture WatchKit Extension.entitlements */,
				1E1155F12804139900231313 /* InterfaceController.swift */,
				1E1155F32804139900231313 /* ExtensionDelegate.swift */,
				1E1155F52804139900231313 /* NotificationController.swift */,
				1E1155F72804139900231313 /* ComplicationController.swift */,
				1E1155F92804139A00231313 /* Assets.xcassets */,
				1E1155FB2804139A00231313 /* Info.plist */,
				1E1155FC2804139A00231313 /* PushNotificationPayload.apns */,
			);
			path = "Catalyst-iOS-Starter-CleanArchitecture WatchKit Extension";
			sourceTree = "<group>";
		};
		1E6334352808217B00AF8D0C /* Frameworks */ = {
			isa = PBXGroup;
			children = (
			);
			name = Frameworks;
			sourceTree = "<group>";
		};
		1ED9C8CF2806D4C800F6E52C /* Catalyst-iOS-Starter-CleanArchitecture-SwiftUI */ = {
			isa = PBXGroup;
			children = (
				1EB480A9280E960D00FE885B /* Catalyst-iOS-Starter-CleanArchitecture-SwiftUI.entitlements */,
				1ED9C8DC2806D50000F6E52C /* Mainboard */,
				1ED9C8D02806D4C800F6E52C /* Catalyst_iOS_Starter_CleanArchitecture_SwiftUIApp.swift */,
				1ED9C8D42806D4CA00F6E52C /* Assets.xcassets */,
				1ED9C8D62806D4CA00F6E52C /* Preview Content */,
			);
			path = "Catalyst-iOS-Starter-CleanArchitecture-SwiftUI";
			sourceTree = "<group>";
		};
		1ED9C8D62806D4CA00F6E52C /* Preview Content */ = {
			isa = PBXGroup;
			children = (
				1ED9C8D72806D4CA00F6E52C /* Preview Assets.xcassets */,
			);
			path = "Preview Content";
			sourceTree = "<group>";
		};
		1ED9C8DC2806D50000F6E52C /* Mainboard */ = {
			isa = PBXGroup;
			children = (
				1ED9C8D22806D4C800F6E52C /* MainboardView.swift */,
				1ED9C8DD2806D52100F6E52C /* MainboardViewModel.swift */,
			);
			path = Mainboard;
			sourceTree = "<group>";
		};
/* End PBXGroup section */

/* Begin PBXNativeTarget section */
		1E1155B32804139400231313 /* Catalyst-iOS-Starter-CleanArchitecture */ = {
			isa = PBXNativeTarget;
			buildConfigurationList = 1E11561D2804139A00231313 /* Build configuration list for PBXNativeTarget "Catalyst-iOS-Starter-CleanArchitecture" */;
			buildPhases = (
				1E1155B02804139400231313 /* Sources */,
				1E1155B12804139400231313 /* Frameworks */,
				1E1155B22804139400231313 /* Resources */,
				1E11561C2804139A00231313 /* Embed Watch Content */,
			);
			buildRules = (
			);
			dependencies = (
				1E1155E12804139700231313 /* PBXTargetDependency */,
			);
			name = "Catalyst-iOS-Starter-CleanArchitecture";
			productName = "Catalyst-iOS-Starter-CleanArchitecture";
			productReference = 1E1155B42804139400231313 /* Catalyst-iOS-Starter-CleanArchitecture.app */;
			productType = "com.apple.product-type.application";
		};
		1E1155C92804139700231313 /* Catalyst-iOS-Starter-CleanArchitectureTests */ = {
			isa = PBXNativeTarget;
			buildConfigurationList = 1E1156202804139A00231313 /* Build configuration list for PBXNativeTarget "Catalyst-iOS-Starter-CleanArchitectureTests" */;
			buildPhases = (
				1E1155C62804139700231313 /* Sources */,
				1E1155C72804139700231313 /* Frameworks */,
				1E1155C82804139700231313 /* Resources */,
			);
			buildRules = (
			);
			dependencies = (
				1E1155CC2804139700231313 /* PBXTargetDependency */,
			);
			name = "Catalyst-iOS-Starter-CleanArchitectureTests";
			productName = "Catalyst-iOS-Starter-CleanArchitectureTests";
			productReference = 1E1155CA2804139700231313 /* Catalyst-iOS-Starter-CleanArchitectureTests.xctest */;
			productType = "com.apple.product-type.bundle.unit-test";
		};
		1E1155D32804139700231313 /* Catalyst-iOS-Starter-CleanArchitectureUITests */ = {
			isa = PBXNativeTarget;
			buildConfigurationList = 1E1156232804139A00231313 /* Build configuration list for PBXNativeTarget "Catalyst-iOS-Starter-CleanArchitectureUITests" */;
			buildPhases = (
				1E1155D02804139700231313 /* Sources */,
				1E1155D12804139700231313 /* Frameworks */,
				1E1155D22804139700231313 /* Resources */,
			);
			buildRules = (
			);
			dependencies = (
				1E1155D62804139700231313 /* PBXTargetDependency */,
			);
			name = "Catalyst-iOS-Starter-CleanArchitectureUITests";
			productName = "Catalyst-iOS-Starter-CleanArchitectureUITests";
			productReference = 1E1155D42804139700231313 /* Catalyst-iOS-Starter-CleanArchitectureUITests.xctest */;
			productType = "com.apple.product-type.bundle.ui-testing";
		};
		1E1155DD2804139700231313 /* Catalyst-iOS-Starter-CleanArchitecture WatchKit App */ = {
			isa = PBXNativeTarget;
			buildConfigurationList = 1E1156192804139A00231313 /* Build configuration list for PBXNativeTarget "Catalyst-iOS-Starter-CleanArchitecture WatchKit App" */;
			buildPhases = (
				1E1155DC2804139700231313 /* Resources */,
				1E1156182804139A00231313 /* Embed App Extensions */,
			);
			buildRules = (
			);
			dependencies = (
				1E1155EF2804139900231313 /* PBXTargetDependency */,
			);
			name = "Catalyst-iOS-Starter-CleanArchitecture WatchKit App";
			productName = "Catalyst-iOS-Starter-CleanArchitecture WatchKit App";
			productReference = 1E1155DE2804139700231313 /* Catalyst-iOS-Starter-CleanArchitecture WatchKit App.app */;
			productType = "com.apple.product-type.application.watchapp2";
		};
		1E1155EB2804139900231313 /* Catalyst-iOS-Starter-CleanArchitecture WatchKit Extension */ = {
			isa = PBXNativeTarget;
			buildConfigurationList = 1E1156152804139A00231313 /* Build configuration list for PBXNativeTarget "Catalyst-iOS-Starter-CleanArchitecture WatchKit Extension" */;
			buildPhases = (
				1E1155E82804139900231313 /* Sources */,
				1E1155E92804139900231313 /* Frameworks */,
				1E1155EA2804139900231313 /* Resources */,
			);
			buildRules = (
			);
			dependencies = (
			);
			name = "Catalyst-iOS-Starter-CleanArchitecture WatchKit Extension";
			productName = "Catalyst-iOS-Starter-CleanArchitecture WatchKit Extension";
			productReference = 1E1155EC2804139900231313 /* Catalyst-iOS-Starter-CleanArchitecture WatchKit Extension.appex */;
			productType = "com.apple.product-type.watchkit2-extension";
		};
		1ED9C8CD2806D4C800F6E52C /* Catalyst-iOS-Starter-CleanArchitecture-SwiftUI */ = {
			isa = PBXNativeTarget;
			buildConfigurationList = 1ED9C8DB2806D4CA00F6E52C /* Build configuration list for PBXNativeTarget "Catalyst-iOS-Starter-CleanArchitecture-SwiftUI" */;
			buildPhases = (
				1ED9C8CA2806D4C800F6E52C /* Sources */,
				1ED9C8CB2806D4C800F6E52C /* Frameworks */,
				1ED9C8CC2806D4C800F6E52C /* Resources */,
			);
			buildRules = (
			);
			dependencies = (
			);
			name = "Catalyst-iOS-Starter-CleanArchitecture-SwiftUI";
			packageProductDependencies = (
				1E8939022806D9DF00F7C790 /* UseCase */,
				1E6334362808217B00AF8D0C /* CustomViews */,
			);
			productName = "Catalyst-iOS-Starter-CleanArchitecture-SwiftUI";
			productReference = 1ED9C8CE2806D4C800F6E52C /* Catalyst-iOS-Starter-CleanArchitecture-SwiftUI.app */;
			productType = "com.apple.product-type.application";
		};
/* End PBXNativeTarget section */

/* Begin PBXProject section */
		1E1155AC2804139300231313 /* Project object */ = {
			isa = PBXProject;
			attributes = {
				BuildIndependentTargetsInParallel = 1;
				LastSwiftUpdateCheck = 1330;
				LastUpgradeCheck = 1330;
				TargetAttributes = {
					1E1155B32804139400231313 = {
						CreatedOnToolsVersion = 13.3;
					};
					1E1155C92804139700231313 = {
						CreatedOnToolsVersion = 13.3;
						TestTargetID = 1E1155B32804139400231313;
					};
					1E1155D32804139700231313 = {
						CreatedOnToolsVersion = 13.3;
						TestTargetID = 1E1155B32804139400231313;
					};
					1E1155DD2804139700231313 = {
						CreatedOnToolsVersion = 13.3;
					};
					1E1155EB2804139900231313 = {
						CreatedOnToolsVersion = 13.3;
					};
					1ED9C8CD2806D4C800F6E52C = {
						CreatedOnToolsVersion = 13.3.1;
					};
				};
			};
			buildConfigurationList = 1E1155AF2804139300231313 /* Build configuration list for PBXProject "Catalyst-iOS-Starter-CleanArchitecture" */;
			compatibilityVersion = "Xcode 13.0";
			developmentRegion = en;
			hasScannedForEncodings = 0;
			knownRegions = (
				en,
				Base,
			);
			mainGroup = 1E1155AB2804139300231313;
			productRefGroup = 1E1155B52804139400231313 /* Products */;
			projectDirPath = "";
			projectRoot = "";
			targets = (
				1E1155B32804139400231313 /* Catalyst-iOS-Starter-CleanArchitecture */,
				1E1155C92804139700231313 /* Catalyst-iOS-Starter-CleanArchitectureTests */,
				1E1155D32804139700231313 /* Catalyst-iOS-Starter-CleanArchitectureUITests */,
				1E1155DD2804139700231313 /* Catalyst-iOS-Starter-CleanArchitecture WatchKit App */,
				1E1155EB2804139900231313 /* Catalyst-iOS-Starter-CleanArchitecture WatchKit Extension */,
				1ED9C8CD2806D4C800F6E52C /* Catalyst-iOS-Starter-CleanArchitecture-SwiftUI */,
			);
		};
/* End PBXProject section */

/* Begin PBXResourcesBuildPhase section */
		1E1155B22804139400231313 /* Resources */ = {
			isa = PBXResourcesBuildPhase;
			buildActionMask = 2147483647;
			files = (
				1E1155C42804139700231313 /* LaunchScreen.storyboard in Resources */,
				1E1155C12804139700231313 /* Assets.xcassets in Resources */,
				1E1155BF2804139400231313 /* Main.storyboard in Resources */,
			);
			runOnlyForDeploymentPostprocessing = 0;
		};
		1E1155C82804139700231313 /* Resources */ = {
			isa = PBXResourcesBuildPhase;
			buildActionMask = 2147483647;
			files = (
			);
			runOnlyForDeploymentPostprocessing = 0;
		};
		1E1155D22804139700231313 /* Resources */ = {
			isa = PBXResourcesBuildPhase;
			buildActionMask = 2147483647;
			files = (
			);
			runOnlyForDeploymentPostprocessing = 0;
		};
		1E1155DC2804139700231313 /* Resources */ = {
			isa = PBXResourcesBuildPhase;
			buildActionMask = 2147483647;
			files = (
				1E1155E72804139800231313 /* Assets.xcassets in Resources */,
				1E1155E52804139700231313 /* Interface.storyboard in Resources */,
			);
			runOnlyForDeploymentPostprocessing = 0;
		};
		1E1155EA2804139900231313 /* Resources */ = {
			isa = PBXResourcesBuildPhase;
			buildActionMask = 2147483647;
			files = (
				1E1155FA2804139A00231313 /* Assets.xcassets in Resources */,
			);
			runOnlyForDeploymentPostprocessing = 0;
		};
		1ED9C8CC2806D4C800F6E52C /* Resources */ = {
			isa = PBXResourcesBuildPhase;
			buildActionMask = 2147483647;
			files = (
				1ED9C8D82806D4CA00F6E52C /* Preview Assets.xcassets in Resources */,
				1ED9C8D52806D4CA00F6E52C /* Assets.xcassets in Resources */,
			);
			runOnlyForDeploymentPostprocessing = 0;
		};
/* End PBXResourcesBuildPhase section */

/* Begin PBXSourcesBuildPhase section */
		1E1155B02804139400231313 /* Sources */ = {
			isa = PBXSourcesBuildPhase;
			buildActionMask = 2147483647;
			files = (
				1E1155BC2804139400231313 /* ViewController.swift in Sources */,
				1E1155B82804139400231313 /* AppDelegate.swift in Sources */,
				1E1155BA2804139400231313 /* SceneDelegate.swift in Sources */,
			);
			runOnlyForDeploymentPostprocessing = 0;
		};
		1E1155C62804139700231313 /* Sources */ = {
			isa = PBXSourcesBuildPhase;
			buildActionMask = 2147483647;
			files = (
				1E1155CF2804139700231313 /* Catalyst_iOS_Starter_CleanArchitectureTests.swift in Sources */,
			);
			runOnlyForDeploymentPostprocessing = 0;
		};
		1E1155D02804139700231313 /* Sources */ = {
			isa = PBXSourcesBuildPhase;
			buildActionMask = 2147483647;
			files = (
				1E1155DB2804139700231313 /* Catalyst_iOS_Starter_CleanArchitectureUITestsLaunchTests.swift in Sources */,
				1E1155D92804139700231313 /* Catalyst_iOS_Starter_CleanArchitectureUITests.swift in Sources */,
			);
			runOnlyForDeploymentPostprocessing = 0;
		};
		1E1155E82804139900231313 /* Sources */ = {
			isa = PBXSourcesBuildPhase;
			buildActionMask = 2147483647;
			files = (
				1E1155F62804139900231313 /* NotificationController.swift in Sources */,
				1E1155F82804139900231313 /* ComplicationController.swift in Sources */,
				1E1155F42804139900231313 /* ExtensionDelegate.swift in Sources */,
				1E1155F22804139900231313 /* InterfaceController.swift in Sources */,
			);
			runOnlyForDeploymentPostprocessing = 0;
		};
		1ED9C8CA2806D4C800F6E52C /* Sources */ = {
			isa = PBXSourcesBuildPhase;
			buildActionMask = 2147483647;
			files = (
				1ED9C8DE2806D52100F6E52C /* MainboardViewModel.swift in Sources */,
				1ED9C8D32806D4C800F6E52C /* MainboardView.swift in Sources */,
				1ED9C8D12806D4C800F6E52C /* Catalyst_iOS_Starter_CleanArchitecture_SwiftUIApp.swift in Sources */,
			);
			runOnlyForDeploymentPostprocessing = 0;
		};
/* End PBXSourcesBuildPhase section */

/* Begin PBXTargetDependency section */
		1E1155CC2804139700231313 /* PBXTargetDependency */ = {
			isa = PBXTargetDependency;
			target = 1E1155B32804139400231313 /* Catalyst-iOS-Starter-CleanArchitecture */;
			targetProxy = 1E1155CB2804139700231313 /* PBXContainerItemProxy */;
		};
		1E1155D62804139700231313 /* PBXTargetDependency */ = {
			isa = PBXTargetDependency;
			target = 1E1155B32804139400231313 /* Catalyst-iOS-Starter-CleanArchitecture */;
			targetProxy = 1E1155D52804139700231313 /* PBXContainerItemProxy */;
		};
		1E1155E12804139700231313 /* PBXTargetDependency */ = {
			isa = PBXTargetDependency;
			target = 1E1155DD2804139700231313 /* Catalyst-iOS-Starter-CleanArchitecture WatchKit App */;
			targetProxy = 1E1155E02804139700231313 /* PBXContainerItemProxy */;
		};
		1E1155EF2804139900231313 /* PBXTargetDependency */ = {
			isa = PBXTargetDependency;
			target = 1E1155EB2804139900231313 /* Catalyst-iOS-Starter-CleanArchitecture WatchKit Extension */;
			targetProxy = 1E1155EE2804139900231313 /* PBXContainerItemProxy */;
		};
/* End PBXTargetDependency section */

/* Begin PBXVariantGroup section */
		1E1155BD2804139400231313 /* Main.storyboard */ = {
			isa = PBXVariantGroup;
			children = (
				1E1155BE2804139400231313 /* Base */,
			);
			name = Main.storyboard;
			sourceTree = "<group>";
		};
		1E1155C22804139700231313 /* LaunchScreen.storyboard */ = {
			isa = PBXVariantGroup;
			children = (
				1E1155C32804139700231313 /* Base */,
			);
			name = LaunchScreen.storyboard;
			sourceTree = "<group>";
		};
		1E1155E32804139700231313 /* Interface.storyboard */ = {
			isa = PBXVariantGroup;
			children = (
				1E1155E42804139700231313 /* Base */,
			);
			name = Interface.storyboard;
			sourceTree = "<group>";
		};
/* End PBXVariantGroup section */

/* Begin XCBuildConfiguration section */
		1E1156132804139A00231313 /* Debug */ = {
			isa = XCBuildConfiguration;
			buildSettings = {
				ALWAYS_SEARCH_USER_PATHS = NO;
				CLANG_ANALYZER_NONNULL = YES;
				CLANG_ANALYZER_NUMBER_OBJECT_CONVERSION = YES_AGGRESSIVE;
				CLANG_CXX_LANGUAGE_STANDARD = "gnu++17";
				CLANG_ENABLE_MODULES = YES;
				CLANG_ENABLE_OBJC_ARC = YES;
				CLANG_ENABLE_OBJC_WEAK = YES;
				CLANG_WARN_BLOCK_CAPTURE_AUTORELEASING = YES;
				CLANG_WARN_BOOL_CONVERSION = YES;
				CLANG_WARN_COMMA = YES;
				CLANG_WARN_CONSTANT_CONVERSION = YES;
				CLANG_WARN_DEPRECATED_OBJC_IMPLEMENTATIONS = YES;
				CLANG_WARN_DIRECT_OBJC_ISA_USAGE = YES_ERROR;
				CLANG_WARN_DOCUMENTATION_COMMENTS = YES;
				CLANG_WARN_EMPTY_BODY = YES;
				CLANG_WARN_ENUM_CONVERSION = YES;
				CLANG_WARN_INFINITE_RECURSION = YES;
				CLANG_WARN_INT_CONVERSION = YES;
				CLANG_WARN_NON_LITERAL_NULL_CONVERSION = YES;
				CLANG_WARN_OBJC_IMPLICIT_RETAIN_SELF = YES;
				CLANG_WARN_OBJC_LITERAL_CONVERSION = YES;
				CLANG_WARN_OBJC_ROOT_CLASS = YES_ERROR;
				CLANG_WARN_QUOTED_INCLUDE_IN_FRAMEWORK_HEADER = YES;
				CLANG_WARN_RANGE_LOOP_ANALYSIS = YES;
				CLANG_WARN_STRICT_PROTOTYPES = YES;
				CLANG_WARN_SUSPICIOUS_MOVE = YES;
				CLANG_WARN_UNGUARDED_AVAILABILITY = YES_AGGRESSIVE;
				CLANG_WARN_UNREACHABLE_CODE = YES;
				CLANG_WARN__DUPLICATE_METHOD_MATCH = YES;
				COPY_PHASE_STRIP = NO;
				DEBUG_INFORMATION_FORMAT = dwarf;
				ENABLE_STRICT_OBJC_MSGSEND = YES;
				ENABLE_TESTABILITY = YES;
				GCC_C_LANGUAGE_STANDARD = gnu11;
				GCC_DYNAMIC_NO_PIC = NO;
				GCC_NO_COMMON_BLOCKS = YES;
				GCC_OPTIMIZATION_LEVEL = 0;
				GCC_PREPROCESSOR_DEFINITIONS = (
					"DEBUG=1",
					"$(inherited)",
				);
				GCC_WARN_64_TO_32_BIT_CONVERSION = YES;
				GCC_WARN_ABOUT_RETURN_TYPE = YES_ERROR;
				GCC_WARN_UNDECLARED_SELECTOR = YES;
				GCC_WARN_UNINITIALIZED_AUTOS = YES_AGGRESSIVE;
				GCC_WARN_UNUSED_FUNCTION = YES;
				GCC_WARN_UNUSED_VARIABLE = YES;
				MTL_ENABLE_DEBUG_INFO = INCLUDE_SOURCE;
				MTL_FAST_MATH = YES;
				ONLY_ACTIVE_ARCH = YES;
				SWIFT_ACTIVE_COMPILATION_CONDITIONS = DEBUG;
				SWIFT_OPTIMIZATION_LEVEL = "-Onone";
			};
			name = Debug;
		};
		1E1156142804139A00231313 /* Release */ = {
			isa = XCBuildConfiguration;
			buildSettings = {
				ALWAYS_SEARCH_USER_PATHS = NO;
				CLANG_ANALYZER_NONNULL = YES;
				CLANG_ANALYZER_NUMBER_OBJECT_CONVERSION = YES_AGGRESSIVE;
				CLANG_CXX_LANGUAGE_STANDARD = "gnu++17";
				CLANG_ENABLE_MODULES = YES;
				CLANG_ENABLE_OBJC_ARC = YES;
				CLANG_ENABLE_OBJC_WEAK = YES;
				CLANG_WARN_BLOCK_CAPTURE_AUTORELEASING = YES;
				CLANG_WARN_BOOL_CONVERSION = YES;
				CLANG_WARN_COMMA = YES;
				CLANG_WARN_CONSTANT_CONVERSION = YES;
				CLANG_WARN_DEPRECATED_OBJC_IMPLEMENTATIONS = YES;
				CLANG_WARN_DIRECT_OBJC_ISA_USAGE = YES_ERROR;
				CLANG_WARN_DOCUMENTATION_COMMENTS = YES;
				CLANG_WARN_EMPTY_BODY = YES;
				CLANG_WARN_ENUM_CONVERSION = YES;
				CLANG_WARN_INFINITE_RECURSION = YES;
				CLANG_WARN_INT_CONVERSION = YES;
				CLANG_WARN_NON_LITERAL_NULL_CONVERSION = YES;
				CLANG_WARN_OBJC_IMPLICIT_RETAIN_SELF = YES;
				CLANG_WARN_OBJC_LITERAL_CONVERSION = YES;
				CLANG_WARN_OBJC_ROOT_CLASS = YES_ERROR;
				CLANG_WARN_QUOTED_INCLUDE_IN_FRAMEWORK_HEADER = YES;
				CLANG_WARN_RANGE_LOOP_ANALYSIS = YES;
				CLANG_WARN_STRICT_PROTOTYPES = YES;
				CLANG_WARN_SUSPICIOUS_MOVE = YES;
				CLANG_WARN_UNGUARDED_AVAILABILITY = YES_AGGRESSIVE;
				CLANG_WARN_UNREACHABLE_CODE = YES;
				CLANG_WARN__DUPLICATE_METHOD_MATCH = YES;
				COPY_PHASE_STRIP = NO;
				DEBUG_INFORMATION_FORMAT = "dwarf-with-dsym";
				ENABLE_NS_ASSERTIONS = NO;
				ENABLE_STRICT_OBJC_MSGSEND = YES;
				GCC_C_LANGUAGE_STANDARD = gnu11;
				GCC_NO_COMMON_BLOCKS = YES;
				GCC_WARN_64_TO_32_BIT_CONVERSION = YES;
				GCC_WARN_ABOUT_RETURN_TYPE = YES_ERROR;
				GCC_WARN_UNDECLARED_SELECTOR = YES;
				GCC_WARN_UNINITIALIZED_AUTOS = YES_AGGRESSIVE;
				GCC_WARN_UNUSED_FUNCTION = YES;
				GCC_WARN_UNUSED_VARIABLE = YES;
				MTL_ENABLE_DEBUG_INFO = NO;
				MTL_FAST_MATH = YES;
				SWIFT_COMPILATION_MODE = wholemodule;
				SWIFT_OPTIMIZATION_LEVEL = "-O";
			};
			name = Release;
		};
		1E1156162804139A00231313 /* Debug */ = {
			isa = XCBuildConfiguration;
			buildSettings = {
				ASSETCATALOG_COMPILER_COMPLICATION_NAME = Complication;
				CODE_SIGN_ENTITLEMENTS = "Catalyst-iOS-Starter-CleanArchitecture WatchKit Extension/Catalyst-iOS-Starter-CleanArchitecture WatchKit Extension.entitlements";
				CODE_SIGN_STYLE = Automatic;
				CURRENT_PROJECT_VERSION = 1;
				DEVELOPMENT_TEAM = 3M9Q59L75G;
				GENERATE_INFOPLIST_FILE = YES;
				INFOPLIST_FILE = "Catalyst-iOS-Starter-CleanArchitecture WatchKit Extension/Info.plist";
				INFOPLIST_KEY_CFBundleDisplayName = "Catalyst-iOS-Starter-CleanArchitecture WatchKit Extension";
				INFOPLIST_KEY_CLKComplicationPrincipalClass = "$(PRODUCT_MODULE_NAME).ComplicationController";
				INFOPLIST_KEY_NSHumanReadableCopyright = "";
				INFOPLIST_KEY_WKExtensionDelegateClassName = "$(PRODUCT_MODULE_NAME).ExtensionDelegate";
				INFOPLIST_KEY_WKRunsIndependentlyOfCompanionApp = YES;
				LD_RUNPATH_SEARCH_PATHS = (
					"$(inherited)",
					"@executable_path/Frameworks",
					"@executable_path/../../Frameworks",
				);
				MARKETING_VERSION = 1.0;
				PRODUCT_BUNDLE_IDENTIFIER = "com.thoughtworks.Catalyst-iOS-Starter-CleanArchitecture.watchkitapp.watchkitextension";
				PRODUCT_NAME = "${TARGET_NAME}";
				SDKROOT = watchos;
				SKIP_INSTALL = YES;
				SWIFT_EMIT_LOC_STRINGS = YES;
				SWIFT_VERSION = 5.0;
				TARGETED_DEVICE_FAMILY = 4;
				WATCHOS_DEPLOYMENT_TARGET = 8.5;
			};
			name = Debug;
		};
		1E1156172804139A00231313 /* Release */ = {
			isa = XCBuildConfiguration;
			buildSettings = {
				ASSETCATALOG_COMPILER_COMPLICATION_NAME = Complication;
				CODE_SIGN_ENTITLEMENTS = "Catalyst-iOS-Starter-CleanArchitecture WatchKit Extension/Catalyst-iOS-Starter-CleanArchitecture WatchKit Extension.entitlements";
				CODE_SIGN_STYLE = Automatic;
				CURRENT_PROJECT_VERSION = 1;
				GENERATE_INFOPLIST_FILE = YES;
				INFOPLIST_FILE = "Catalyst-iOS-Starter-CleanArchitecture WatchKit Extension/Info.plist";
				INFOPLIST_KEY_CFBundleDisplayName = "Catalyst-iOS-Starter-CleanArchitecture WatchKit Extension";
				INFOPLIST_KEY_CLKComplicationPrincipalClass = "$(PRODUCT_MODULE_NAME).ComplicationController";
				INFOPLIST_KEY_NSHumanReadableCopyright = "";
				INFOPLIST_KEY_WKExtensionDelegateClassName = "$(PRODUCT_MODULE_NAME).ExtensionDelegate";
				INFOPLIST_KEY_WKRunsIndependentlyOfCompanionApp = YES;
				LD_RUNPATH_SEARCH_PATHS = (
					"$(inherited)",
					"@executable_path/Frameworks",
					"@executable_path/../../Frameworks",
				);
				MARKETING_VERSION = 1.0;
				PRODUCT_BUNDLE_IDENTIFIER = "com.thoughtworks.Catalyst-iOS-Starter-CleanArchitecture.watchkitapp.watchkitextension";
				PRODUCT_NAME = "${TARGET_NAME}";
				SDKROOT = watchos;
				SKIP_INSTALL = YES;
				SWIFT_EMIT_LOC_STRINGS = YES;
				SWIFT_VERSION = 5.0;
				TARGETED_DEVICE_FAMILY = 4;
				VALIDATE_PRODUCT = YES;
				WATCHOS_DEPLOYMENT_TARGET = 8.5;
			};
			name = Release;
		};
		1E11561A2804139A00231313 /* Debug */ = {
			isa = XCBuildConfiguration;
			buildSettings = {
				ALWAYS_EMBED_SWIFT_STANDARD_LIBRARIES = YES;
				ASSETCATALOG_COMPILER_APPICON_NAME = AppIcon;
				ASSETCATALOG_COMPILER_GLOBAL_ACCENT_COLOR_NAME = AccentColor;
				CODE_SIGN_ENTITLEMENTS = "Catalyst-iOS-Starter-CleanArchitecture WatchKit App/Catalyst-iOS-Starter-CleanArchitecture WatchKit App.entitlements";
				CODE_SIGN_STYLE = Automatic;
				CURRENT_PROJECT_VERSION = 1;
				DEVELOPMENT_TEAM = 3M9Q59L75G;
				GENERATE_INFOPLIST_FILE = YES;
				IBSC_MODULE = Catalyst_iOS_Starter_CleanArchitecture_WatchKit_Extension;
				INFOPLIST_KEY_CFBundleDisplayName = "Catalyst-iOS-Starter-CleanArchitecture WatchKit App";
				INFOPLIST_KEY_UISupportedInterfaceOrientations = "UIInterfaceOrientationPortrait UIInterfaceOrientationPortraitUpsideDown";
				INFOPLIST_KEY_WKCompanionAppBundleIdentifier = "com.thoughtworks.Catalyst-iOS-Starter-CleanArchitecture";
				MARKETING_VERSION = 1.0;
				PRODUCT_BUNDLE_IDENTIFIER = "com.thoughtworks.Catalyst-iOS-Starter-CleanArchitecture.watchkitapp";
				PRODUCT_NAME = "$(TARGET_NAME)";
				SDKROOT = watchos;
				SKIP_INSTALL = YES;
				SWIFT_EMIT_LOC_STRINGS = YES;
				SWIFT_VERSION = 5.0;
				TARGETED_DEVICE_FAMILY = 4;
				WATCHOS_DEPLOYMENT_TARGET = 8.5;
			};
			name = Debug;
		};
		1E11561B2804139A00231313 /* Release */ = {
			isa = XCBuildConfiguration;
			buildSettings = {
				ALWAYS_EMBED_SWIFT_STANDARD_LIBRARIES = YES;
				ASSETCATALOG_COMPILER_APPICON_NAME = AppIcon;
				ASSETCATALOG_COMPILER_GLOBAL_ACCENT_COLOR_NAME = AccentColor;
				CODE_SIGN_ENTITLEMENTS = "Catalyst-iOS-Starter-CleanArchitecture WatchKit App/Catalyst-iOS-Starter-CleanArchitecture WatchKit App.entitlements";
				CODE_SIGN_STYLE = Automatic;
				CURRENT_PROJECT_VERSION = 1;
				GENERATE_INFOPLIST_FILE = YES;
				IBSC_MODULE = Catalyst_iOS_Starter_CleanArchitecture_WatchKit_Extension;
				INFOPLIST_KEY_CFBundleDisplayName = "Catalyst-iOS-Starter-CleanArchitecture WatchKit App";
				INFOPLIST_KEY_UISupportedInterfaceOrientations = "UIInterfaceOrientationPortrait UIInterfaceOrientationPortraitUpsideDown";
				INFOPLIST_KEY_WKCompanionAppBundleIdentifier = "com.thoughtworks.Catalyst-iOS-Starter-CleanArchitecture";
				MARKETING_VERSION = 1.0;
				PRODUCT_BUNDLE_IDENTIFIER = "com.thoughtworks.Catalyst-iOS-Starter-CleanArchitecture.watchkitapp";
				PRODUCT_NAME = "$(TARGET_NAME)";
				SDKROOT = watchos;
				SKIP_INSTALL = YES;
				SWIFT_EMIT_LOC_STRINGS = YES;
				SWIFT_VERSION = 5.0;
				TARGETED_DEVICE_FAMILY = 4;
				VALIDATE_PRODUCT = YES;
				WATCHOS_DEPLOYMENT_TARGET = 8.5;
			};
			name = Release;
		};
		1E11561E2804139A00231313 /* Debug */ = {
			isa = XCBuildConfiguration;
			buildSettings = {
				ASSETCATALOG_COMPILER_APPICON_NAME = AppIcon;
				ASSETCATALOG_COMPILER_GLOBAL_ACCENT_COLOR_NAME = AccentColor;
				CODE_SIGN_STYLE = Automatic;
				CURRENT_PROJECT_VERSION = 1;
				GENERATE_INFOPLIST_FILE = YES;
				INFOPLIST_FILE = "Catalyst-iOS-Starter-CleanArchitecture/Info.plist";
				INFOPLIST_KEY_UIApplicationSupportsIndirectInputEvents = YES;
				INFOPLIST_KEY_UILaunchStoryboardName = LaunchScreen;
				INFOPLIST_KEY_UIMainStoryboardFile = Main;
				INFOPLIST_KEY_UISupportedInterfaceOrientations_iPad = "UIInterfaceOrientationPortrait UIInterfaceOrientationPortraitUpsideDown UIInterfaceOrientationLandscapeLeft UIInterfaceOrientationLandscapeRight";
				INFOPLIST_KEY_UISupportedInterfaceOrientations_iPhone = "UIInterfaceOrientationPortrait UIInterfaceOrientationLandscapeLeft UIInterfaceOrientationLandscapeRight";
				IPHONEOS_DEPLOYMENT_TARGET = 15.4;
				LD_RUNPATH_SEARCH_PATHS = (
					"$(inherited)",
					"@executable_path/Frameworks",
				);
				MARKETING_VERSION = 1.0;
				PRODUCT_BUNDLE_IDENTIFIER = "com.thoughtworks.Catalyst-iOS-Starter-CleanArchitecture";
				PRODUCT_NAME = "$(TARGET_NAME)";
				SDKROOT = iphoneos;
				SWIFT_EMIT_LOC_STRINGS = YES;
				SWIFT_VERSION = 5.0;
				TARGETED_DEVICE_FAMILY = "1,2";
			};
			name = Debug;
		};
		1E11561F2804139A00231313 /* Release */ = {
			isa = XCBuildConfiguration;
			buildSettings = {
				ASSETCATALOG_COMPILER_APPICON_NAME = AppIcon;
				ASSETCATALOG_COMPILER_GLOBAL_ACCENT_COLOR_NAME = AccentColor;
				CODE_SIGN_STYLE = Automatic;
				CURRENT_PROJECT_VERSION = 1;
				GENERATE_INFOPLIST_FILE = YES;
				INFOPLIST_FILE = "Catalyst-iOS-Starter-CleanArchitecture/Info.plist";
				INFOPLIST_KEY_UIApplicationSupportsIndirectInputEvents = YES;
				INFOPLIST_KEY_UILaunchStoryboardName = LaunchScreen;
				INFOPLIST_KEY_UIMainStoryboardFile = Main;
				INFOPLIST_KEY_UISupportedInterfaceOrientations_iPad = "UIInterfaceOrientationPortrait UIInterfaceOrientationPortraitUpsideDown UIInterfaceOrientationLandscapeLeft UIInterfaceOrientationLandscapeRight";
				INFOPLIST_KEY_UISupportedInterfaceOrientations_iPhone = "UIInterfaceOrientationPortrait UIInterfaceOrientationLandscapeLeft UIInterfaceOrientationLandscapeRight";
				IPHONEOS_DEPLOYMENT_TARGET = 15.4;
				LD_RUNPATH_SEARCH_PATHS = (
					"$(inherited)",
					"@executable_path/Frameworks",
				);
				MARKETING_VERSION = 1.0;
				PRODUCT_BUNDLE_IDENTIFIER = "com.thoughtworks.Catalyst-iOS-Starter-CleanArchitecture";
				PRODUCT_NAME = "$(TARGET_NAME)";
				SDKROOT = iphoneos;
				SWIFT_EMIT_LOC_STRINGS = YES;
				SWIFT_VERSION = 5.0;
				TARGETED_DEVICE_FAMILY = "1,2";
				VALIDATE_PRODUCT = YES;
			};
			name = Release;
		};
		1E1156212804139A00231313 /* Debug */ = {
			isa = XCBuildConfiguration;
			buildSettings = {
				ALWAYS_EMBED_SWIFT_STANDARD_LIBRARIES = YES;
				BUNDLE_LOADER = "$(TEST_HOST)";
				CODE_SIGN_STYLE = Automatic;
				CURRENT_PROJECT_VERSION = 1;
				GENERATE_INFOPLIST_FILE = YES;
				IPHONEOS_DEPLOYMENT_TARGET = 15.4;
				MARKETING_VERSION = 1.0;
				PRODUCT_BUNDLE_IDENTIFIER = "com.thoughtworks.Catalyst-iOS-Starter-CleanArchitectureTests";
				PRODUCT_NAME = "$(TARGET_NAME)";
				SDKROOT = iphoneos;
				SWIFT_EMIT_LOC_STRINGS = NO;
				SWIFT_VERSION = 5.0;
				TARGETED_DEVICE_FAMILY = "1,2";
				TEST_HOST = "$(BUILT_PRODUCTS_DIR)/Catalyst-iOS-Starter-CleanArchitecture.app/Catalyst-iOS-Starter-CleanArchitecture";
			};
			name = Debug;
		};
		1E1156222804139A00231313 /* Release */ = {
			isa = XCBuildConfiguration;
			buildSettings = {
				ALWAYS_EMBED_SWIFT_STANDARD_LIBRARIES = YES;
				BUNDLE_LOADER = "$(TEST_HOST)";
				CODE_SIGN_STYLE = Automatic;
				CURRENT_PROJECT_VERSION = 1;
				GENERATE_INFOPLIST_FILE = YES;
				IPHONEOS_DEPLOYMENT_TARGET = 15.4;
				MARKETING_VERSION = 1.0;
				PRODUCT_BUNDLE_IDENTIFIER = "com.thoughtworks.Catalyst-iOS-Starter-CleanArchitectureTests";
				PRODUCT_NAME = "$(TARGET_NAME)";
				SDKROOT = iphoneos;
				SWIFT_EMIT_LOC_STRINGS = NO;
				SWIFT_VERSION = 5.0;
				TARGETED_DEVICE_FAMILY = "1,2";
				TEST_HOST = "$(BUILT_PRODUCTS_DIR)/Catalyst-iOS-Starter-CleanArchitecture.app/Catalyst-iOS-Starter-CleanArchitecture";
				VALIDATE_PRODUCT = YES;
			};
			name = Release;
		};
		1E1156242804139A00231313 /* Debug */ = {
			isa = XCBuildConfiguration;
			buildSettings = {
				ALWAYS_EMBED_SWIFT_STANDARD_LIBRARIES = YES;
				CODE_SIGN_STYLE = Automatic;
				CURRENT_PROJECT_VERSION = 1;
				GENERATE_INFOPLIST_FILE = YES;
				IPHONEOS_DEPLOYMENT_TARGET = 15.4;
				MARKETING_VERSION = 1.0;
				PRODUCT_BUNDLE_IDENTIFIER = "com.thoughtworks.Catalyst-iOS-Starter-CleanArchitectureUITests";
				PRODUCT_NAME = "$(TARGET_NAME)";
				SDKROOT = iphoneos;
				SWIFT_EMIT_LOC_STRINGS = NO;
				SWIFT_VERSION = 5.0;
				TARGETED_DEVICE_FAMILY = "1,2";
				TEST_TARGET_NAME = "Catalyst-iOS-Starter-CleanArchitecture";
			};
			name = Debug;
		};
		1E1156252804139A00231313 /* Release */ = {
			isa = XCBuildConfiguration;
			buildSettings = {
				ALWAYS_EMBED_SWIFT_STANDARD_LIBRARIES = YES;
				CODE_SIGN_STYLE = Automatic;
				CURRENT_PROJECT_VERSION = 1;
				GENERATE_INFOPLIST_FILE = YES;
				IPHONEOS_DEPLOYMENT_TARGET = 15.4;
				MARKETING_VERSION = 1.0;
				PRODUCT_BUNDLE_IDENTIFIER = "com.thoughtworks.Catalyst-iOS-Starter-CleanArchitectureUITests";
				PRODUCT_NAME = "$(TARGET_NAME)";
				SDKROOT = iphoneos;
				SWIFT_EMIT_LOC_STRINGS = NO;
				SWIFT_VERSION = 5.0;
				TARGETED_DEVICE_FAMILY = "1,2";
				TEST_TARGET_NAME = "Catalyst-iOS-Starter-CleanArchitecture";
				VALIDATE_PRODUCT = YES;
			};
			name = Release;
		};
		1ED9C8D92806D4CA00F6E52C /* Debug */ = {
			isa = XCBuildConfiguration;
			buildSettings = {
				ASSETCATALOG_COMPILER_APPICON_NAME = AppIcon;
				ASSETCATALOG_COMPILER_GLOBAL_ACCENT_COLOR_NAME = AccentColor;
				CODE_SIGN_ENTITLEMENTS = "Catalyst-iOS-Starter-CleanArchitecture-SwiftUI/Catalyst-iOS-Starter-CleanArchitecture-SwiftUI.entitlements";
				CODE_SIGN_STYLE = Automatic;
				CURRENT_PROJECT_VERSION = 1;
				DEVELOPMENT_ASSET_PATHS = "\"Catalyst-iOS-Starter-CleanArchitecture-SwiftUI/Preview Content\"";
				DEVELOPMENT_TEAM = 3M9Q59L75G;
				ENABLE_PREVIEWS = YES;
				GENERATE_INFOPLIST_FILE = YES;
				INFOPLIST_KEY_UIApplicationSceneManifest_Generation = YES;
				INFOPLIST_KEY_UIApplicationSupportsIndirectInputEvents = YES;
				INFOPLIST_KEY_UILaunchScreen_Generation = YES;
				INFOPLIST_KEY_UISupportedInterfaceOrientations_iPad = "UIInterfaceOrientationPortrait UIInterfaceOrientationPortraitUpsideDown UIInterfaceOrientationLandscapeLeft UIInterfaceOrientationLandscapeRight";
				INFOPLIST_KEY_UISupportedInterfaceOrientations_iPhone = "UIInterfaceOrientationPortrait UIInterfaceOrientationLandscapeLeft UIInterfaceOrientationLandscapeRight";
				IPHONEOS_DEPLOYMENT_TARGET = 15.4;
				LD_RUNPATH_SEARCH_PATHS = (
					"$(inherited)",
					"@executable_path/Frameworks",
				);
				MARKETING_VERSION = 1.0;
				PRODUCT_BUNDLE_IDENTIFIER = "com.thoughtworks.Catalyst-iOS-Starter-CleanArchitecture-SwiftUI";
				PRODUCT_NAME = "$(TARGET_NAME)";
				SDKROOT = iphoneos;
				SWIFT_EMIT_LOC_STRINGS = YES;
				SWIFT_VERSION = 5.0;
				TARGETED_DEVICE_FAMILY = "1,2";
			};
			name = Debug;
		};
		1ED9C8DA2806D4CA00F6E52C /* Release */ = {
			isa = XCBuildConfiguration;
			buildSettings = {
				ASSETCATALOG_COMPILER_APPICON_NAME = AppIcon;
				ASSETCATALOG_COMPILER_GLOBAL_ACCENT_COLOR_NAME = AccentColor;
				CODE_SIGN_ENTITLEMENTS = "Catalyst-iOS-Starter-CleanArchitecture-SwiftUI/Catalyst-iOS-Starter-CleanArchitecture-SwiftUI.entitlements";
				CODE_SIGN_STYLE = Automatic;
				CURRENT_PROJECT_VERSION = 1;
				DEVELOPMENT_ASSET_PATHS = "\"Catalyst-iOS-Starter-CleanArchitecture-SwiftUI/Preview Content\"";
				DEVELOPMENT_TEAM = 3M9Q59L75G;
				ENABLE_PREVIEWS = YES;
				GENERATE_INFOPLIST_FILE = YES;
				INFOPLIST_KEY_UIApplicationSceneManifest_Generation = YES;
				INFOPLIST_KEY_UIApplicationSupportsIndirectInputEvents = YES;
				INFOPLIST_KEY_UILaunchScreen_Generation = YES;
				INFOPLIST_KEY_UISupportedInterfaceOrientations_iPad = "UIInterfaceOrientationPortrait UIInterfaceOrientationPortraitUpsideDown UIInterfaceOrientationLandscapeLeft UIInterfaceOrientationLandscapeRight";
				INFOPLIST_KEY_UISupportedInterfaceOrientations_iPhone = "UIInterfaceOrientationPortrait UIInterfaceOrientationLandscapeLeft UIInterfaceOrientationLandscapeRight";
				IPHONEOS_DEPLOYMENT_TARGET = 15.4;
				LD_RUNPATH_SEARCH_PATHS = (
					"$(inherited)",
					"@executable_path/Frameworks",
				);
				MARKETING_VERSION = 1.0;
				PRODUCT_BUNDLE_IDENTIFIER = "com.thoughtworks.Catalyst-iOS-Starter-CleanArchitecture-SwiftUI";
				PRODUCT_NAME = "$(TARGET_NAME)";
				SDKROOT = iphoneos;
				SWIFT_EMIT_LOC_STRINGS = YES;
				SWIFT_VERSION = 5.0;
				TARGETED_DEVICE_FAMILY = "1,2";
				VALIDATE_PRODUCT = YES;
			};
			name = Release;
		};
/* End XCBuildConfiguration section */

/* Begin XCConfigurationList section */
		1E1155AF2804139300231313 /* Build configuration list for PBXProject "Catalyst-iOS-Starter-CleanArchitecture" */ = {
			isa = XCConfigurationList;
			buildConfigurations = (
				1E1156132804139A00231313 /* Debug */,
				1E1156142804139A00231313 /* Release */,
			);
			defaultConfigurationIsVisible = 0;
			defaultConfigurationName = Release;
		};
		1E1156152804139A00231313 /* Build configuration list for PBXNativeTarget "Catalyst-iOS-Starter-CleanArchitecture WatchKit Extension" */ = {
			isa = XCConfigurationList;
			buildConfigurations = (
				1E1156162804139A00231313 /* Debug */,
				1E1156172804139A00231313 /* Release */,
			);
			defaultConfigurationIsVisible = 0;
			defaultConfigurationName = Release;
		};
		1E1156192804139A00231313 /* Build configuration list for PBXNativeTarget "Catalyst-iOS-Starter-CleanArchitecture WatchKit App" */ = {
			isa = XCConfigurationList;
			buildConfigurations = (
				1E11561A2804139A00231313 /* Debug */,
				1E11561B2804139A00231313 /* Release */,
			);
			defaultConfigurationIsVisible = 0;
			defaultConfigurationName = Release;
		};
		1E11561D2804139A00231313 /* Build configuration list for PBXNativeTarget "Catalyst-iOS-Starter-CleanArchitecture" */ = {
			isa = XCConfigurationList;
			buildConfigurations = (
				1E11561E2804139A00231313 /* Debug */,
				1E11561F2804139A00231313 /* Release */,
			);
			defaultConfigurationIsVisible = 0;
			defaultConfigurationName = Release;
		};
		1E1156202804139A00231313 /* Build configuration list for PBXNativeTarget "Catalyst-iOS-Starter-CleanArchitectureTests" */ = {
			isa = XCConfigurationList;
			buildConfigurations = (
				1E1156212804139A00231313 /* Debug */,
				1E1156222804139A00231313 /* Release */,
			);
			defaultConfigurationIsVisible = 0;
			defaultConfigurationName = Release;
		};
		1E1156232804139A00231313 /* Build configuration list for PBXNativeTarget "Catalyst-iOS-Starter-CleanArchitectureUITests" */ = {
			isa = XCConfigurationList;
			buildConfigurations = (
				1E1156242804139A00231313 /* Debug */,
				1E1156252804139A00231313 /* Release */,
			);
			defaultConfigurationIsVisible = 0;
			defaultConfigurationName = Release;
		};
		1ED9C8DB2806D4CA00F6E52C /* Build configuration list for PBXNativeTarget "Catalyst-iOS-Starter-CleanArchitecture-SwiftUI" */ = {
			isa = XCConfigurationList;
			buildConfigurations = (
				1ED9C8D92806D4CA00F6E52C /* Debug */,
				1ED9C8DA2806D4CA00F6E52C /* Release */,
			);
			defaultConfigurationIsVisible = 0;
			defaultConfigurationName = Release;
		};
/* End XCConfigurationList section */

/* Begin XCSwiftPackageProductDependency section */
		1E6334362808217B00AF8D0C /* CustomViews */ = {
			isa = XCSwiftPackageProductDependency;
			productName = CustomViews;
		};
		1E8939022806D9DF00F7C790 /* UseCase */ = {
			isa = XCSwiftPackageProductDependency;
			productName = UseCase;
		};
/* End XCSwiftPackageProductDependency section */
	};
	rootObject = 1E1155AC2804139300231313 /* Project object */;
}
